
Microsoft Visual Studio Solution File, Format Version 12.00
# Visual Studio Version 17
VisualStudioVersion = 17.9.34728.123
MinimumVisualStudioVersion = 10.0.40219.1
Project("{FAE04EC0-301F-11D3-BF4B-00C04F79EFBC}") = "ProdutoPolimorfismo", "ProdutoPolimorfismo\ProdutoPolimorfismo.csproj", "{4413AF2B-C2D0-498D-86C6-358C9ACF136F}"
EndProject
Global
	GlobalSection(SolutionConfigurationPlatforms) = preSolution
		Debug|Any CPU = Debug|Any CPU
		Release|Any CPU = Release|Any CPU
	EndGlobalSection
	GlobalSection(ProjectConfigurationPlatforms) = postSolution
		{4413AF2B-C2D0-498D-86C6-358C9ACF136F}.Debug|Any CPU.ActiveCfg = Debug|Any CPU
		{4413AF2B-C2D0-498D-86C6-358C9ACF136F}.Debug|Any CPU.Build.0 = Debug|Any CPU
		{4413AF2B-C2D0-498D-86C6-358C9ACF136F}.Release|Any CPU.ActiveCfg = Release|Any CPU
		{4413AF2B-C2D0-498D-86C6-358C9ACF136F}.Release|Any CPU.Build.0 = Release|Any CPU
	EndGlobalSection
	GlobalSection(SolutionProperties) = preSolution
		HideSolutionNode = FALSE
	EndGlobalSection
	GlobalSection(ExtensibilityGlobals) = postSolution
		SolutionGuid = {DC4FDCA2-BB3E-4C29-AD19-3D41F1F7B2FC}
	EndGlobalSection
EndGlobal
